
Microsoft Visual Studio Solution File, Format Version 11.00
# Visual Studio 2010
Project("{FAE04EC0-301F-11D3-BF4B-00C04F79EFBC}") = "ReadingTool", "ReadingTool\ReadingTool.csproj", "{699DDF70-23C2-4E78-BD5C-AA4EE82EC01D}"
	ProjectSection(ProjectDependencies) = postProject
		{D18C0D0B-54B1-4EB4-A9E4-44B05813B96E} = {D18C0D0B-54B1-4EB4-A9E4-44B05813B96E}
	EndProjectSection
EndProject
Project("{2150E333-8FDC-42A3-9474-1A3956D46DE8}") = ".nuget", ".nuget", "{5B537D7A-0903-4C3F-9B6F-23499E8E8818}"
	ProjectSection(SolutionItems) = preProject
		.nuget\NuGet.Config = .nuget\NuGet.Config
		.nuget\NuGet.exe = .nuget\NuGet.exe
		.nuget\NuGet.targets = .nuget\NuGet.targets
	EndProjectSection
EndProject
Project("{FAE04EC0-301F-11D3-BF4B-00C04F79EFBC}") = "ReadingTool.Services", "ReadingTool.Services\ReadingTool.Services.csproj", "{19E546CF-E699-4C19-A30D-5510B0EA856C}"
EndProject
Project("{FAE04EC0-301F-11D3-BF4B-00C04F79EFBC}") = "ReadingTool.Entities", "ReadingTool.Entities\ReadingTool.Entities.csproj", "{D9DBC773-E465-4337-96E6-7507AEE72E68}"
EndProject
Project("{FAE04EC0-301F-11D3-BF4B-00C04F79EFBC}") = "ReadingTool.Common", "ReadingTool.Common\ReadingTool.Common.csproj", "{8DE73439-2B28-45AC-A4F6-C11221A28EDB}"
EndProject
Project("{FAE04EC0-301F-11D3-BF4B-00C04F79EFBC}") = "ReadingTool.Tasks", "ReadingTool.Tasks\ReadingTool.Tasks.csproj", "{813172AE-D440-470E-87FE-14DAC2252D4C}"
EndProject
Project("{FAE04EC0-301F-11D3-BF4B-00C04F79EFBC}") = "ReadingTool.Models", "ReadingTool.Models\ReadingTool.Models.csproj", "{D18C0D0B-54B1-4EB4-A9E4-44B05813B96E}"
	ProjectSection(ProjectDependencies) = postProject
		{8DE73439-2B28-45AC-A4F6-C11221A28EDB} = {8DE73439-2B28-45AC-A4F6-C11221A28EDB}
	EndProjectSection
EndProject
Project("{FAE04EC0-301F-11D3-BF4B-00C04F79EFBC}") = "ReadingTool.API", "ReadingTool.API\ReadingTool.API.csproj", "{287F82EB-6A96-495F-9ECD-4FB19E2D7C81}"
EndProject
Project("{FAE04EC0-301F-11D3-BF4B-00C04F79EFBC}") = "ReadingTool.TaskManager", "ReadingTool.TaskManager\ReadingTool.TaskManager.csproj", "{E4940317-5E8D-4AC1-AAF5-94BF21A47754}"
EndProject
Global
	GlobalSection(SolutionConfigurationPlatforms) = preSolution
		CodeCoverage|Any CPU = CodeCoverage|Any CPU
		CodeCoverage|Mixed Platforms = CodeCoverage|Mixed Platforms
		CodeCoverage|x86 = CodeCoverage|x86
		Debug|Any CPU = Debug|Any CPU
		Debug|Mixed Platforms = Debug|Mixed Platforms
		Debug|x86 = Debug|x86
		FxCop|Any CPU = FxCop|Any CPU
		FxCop|Mixed Platforms = FxCop|Mixed Platforms
		FxCop|x86 = FxCop|x86
		Release|Any CPU = Release|Any CPU
		Release|Mixed Platforms = Release|Mixed Platforms
		Release|x86 = Release|x86
	EndGlobalSection
	GlobalSection(ProjectConfigurationPlatforms) = postSolution
		{699DDF70-23C2-4E78-BD5C-AA4EE82EC01D}.CodeCoverage|Any CPU.ActiveCfg = Release|Any CPU
		{699DDF70-23C2-4E78-BD5C-AA4EE82EC01D}.CodeCoverage|Any CPU.Build.0 = Release|Any CPU
		{699DDF70-23C2-4E78-BD5C-AA4EE82EC01D}.CodeCoverage|Mixed Platforms.ActiveCfg = Release|Any CPU
		{699DDF70-23C2-4E78-BD5C-AA4EE82EC01D}.CodeCoverage|Mixed Platforms.Build.0 = Release|Any CPU
		{699DDF70-23C2-4E78-BD5C-AA4EE82EC01D}.CodeCoverage|x86.ActiveCfg = Release|Any CPU
		{699DDF70-23C2-4E78-BD5C-AA4EE82EC01D}.Debug|Any CPU.ActiveCfg = Debug|Any CPU
		{699DDF70-23C2-4E78-BD5C-AA4EE82EC01D}.Debug|Any CPU.Build.0 = Debug|Any CPU
		{699DDF70-23C2-4E78-BD5C-AA4EE82EC01D}.Debug|Mixed Platforms.ActiveCfg = Debug|Any CPU
		{699DDF70-23C2-4E78-BD5C-AA4EE82EC01D}.Debug|Mixed Platforms.Build.0 = Debug|Any CPU
		{699DDF70-23C2-4E78-BD5C-AA4EE82EC01D}.Debug|x86.ActiveCfg = Debug|Any CPU
		{699DDF70-23C2-4E78-BD5C-AA4EE82EC01D}.FxCop|Any CPU.ActiveCfg = Release|Any CPU
		{699DDF70-23C2-4E78-BD5C-AA4EE82EC01D}.FxCop|Any CPU.Build.0 = Release|Any CPU
		{699DDF70-23C2-4E78-BD5C-AA4EE82EC01D}.FxCop|Mixed Platforms.ActiveCfg = Release|Any CPU
		{699DDF70-23C2-4E78-BD5C-AA4EE82EC01D}.FxCop|Mixed Platforms.Build.0 = Release|Any CPU
		{699DDF70-23C2-4E78-BD5C-AA4EE82EC01D}.FxCop|x86.ActiveCfg = Release|Any CPU
		{699DDF70-23C2-4E78-BD5C-AA4EE82EC01D}.Release|Any CPU.ActiveCfg = Release|Any CPU
		{699DDF70-23C2-4E78-BD5C-AA4EE82EC01D}.Release|Any CPU.Build.0 = Release|Any CPU
		{699DDF70-23C2-4E78-BD5C-AA4EE82EC01D}.Release|Mixed Platforms.ActiveCfg = Release|Any CPU
		{699DDF70-23C2-4E78-BD5C-AA4EE82EC01D}.Release|Mixed Platforms.Build.0 = Release|Any CPU
		{699DDF70-23C2-4E78-BD5C-AA4EE82EC01D}.Release|x86.ActiveCfg = Release|Any CPU
		{19E546CF-E699-4C19-A30D-5510B0EA856C}.CodeCoverage|Any CPU.ActiveCfg = Release|Any CPU
		{19E546CF-E699-4C19-A30D-5510B0EA856C}.CodeCoverage|Any CPU.Build.0 = Release|Any CPU
		{19E546CF-E699-4C19-A30D-5510B0EA856C}.CodeCoverage|Mixed Platforms.ActiveCfg = Release|Any CPU
		{19E546CF-E699-4C19-A30D-5510B0EA856C}.CodeCoverage|Mixed Platforms.Build.0 = Release|Any CPU
		{19E546CF-E699-4C19-A30D-5510B0EA856C}.CodeCoverage|x86.ActiveCfg = Release|Any CPU
		{19E546CF-E699-4C19-A30D-5510B0EA856C}.Debug|Any CPU.ActiveCfg = Debug|Any CPU
		{19E546CF-E699-4C19-A30D-5510B0EA856C}.Debug|Any CPU.Build.0 = Debug|Any CPU
		{19E546CF-E699-4C19-A30D-5510B0EA856C}.Debug|Mixed Platforms.ActiveCfg = Debug|Any CPU
		{19E546CF-E699-4C19-A30D-5510B0EA856C}.Debug|Mixed Platforms.Build.0 = Debug|Any CPU
		{19E546CF-E699-4C19-A30D-5510B0EA856C}.Debug|x86.ActiveCfg = Debug|Any CPU
		{19E546CF-E699-4C19-A30D-5510B0EA856C}.FxCop|Any CPU.ActiveCfg = Release|Any CPU
		{19E546CF-E699-4C19-A30D-5510B0EA856C}.FxCop|Any CPU.Build.0 = Release|Any CPU
		{19E546CF-E699-4C19-A30D-5510B0EA856C}.FxCop|Mixed Platforms.ActiveCfg = Release|Any CPU
		{19E546CF-E699-4C19-A30D-5510B0EA856C}.FxCop|Mixed Platforms.Build.0 = Release|Any CPU
		{19E546CF-E699-4C19-A30D-5510B0EA856C}.FxCop|x86.ActiveCfg = Release|Any CPU
		{19E546CF-E699-4C19-A30D-5510B0EA856C}.Release|Any CPU.ActiveCfg = Release|Any CPU
		{19E546CF-E699-4C19-A30D-5510B0EA856C}.Release|Any CPU.Build.0 = Release|Any CPU
		{19E546CF-E699-4C19-A30D-5510B0EA856C}.Release|Mixed Platforms.ActiveCfg = Release|Any CPU
		{19E546CF-E699-4C19-A30D-5510B0EA856C}.Release|Mixed Platforms.Build.0 = Release|Any CPU
		{19E546CF-E699-4C19-A30D-5510B0EA856C}.Release|x86.ActiveCfg = Release|Any CPU
		{D9DBC773-E465-4337-96E6-7507AEE72E68}.CodeCoverage|Any CPU.ActiveCfg = Release|Any CPU
		{D9DBC773-E465-4337-96E6-7507AEE72E68}.CodeCoverage|Any CPU.Build.0 = Release|Any CPU
		{D9DBC773-E465-4337-96E6-7507AEE72E68}.CodeCoverage|Mixed Platforms.ActiveCfg = Release|Any CPU
		{D9DBC773-E465-4337-96E6-7507AEE72E68}.CodeCoverage|Mixed Platforms.Build.0 = Release|Any CPU
		{D9DBC773-E465-4337-96E6-7507AEE72E68}.CodeCoverage|x86.ActiveCfg = Release|Any CPU
		{D9DBC773-E465-4337-96E6-7507AEE72E68}.Debug|Any CPU.ActiveCfg = Debug|Any CPU
		{D9DBC773-E465-4337-96E6-7507AEE72E68}.Debug|Any CPU.Build.0 = Debug|Any CPU
		{D9DBC773-E465-4337-96E6-7507AEE72E68}.Debug|Mixed Platforms.ActiveCfg = Debug|Any CPU
		{D9DBC773-E465-4337-96E6-7507AEE72E68}.Debug|Mixed Platforms.Build.0 = Debug|Any CPU
		{D9DBC773-E465-4337-96E6-7507AEE72E68}.Debug|x86.ActiveCfg = Debug|Any CPU
		{D9DBC773-E465-4337-96E6-7507AEE72E68}.FxCop|Any CPU.ActiveCfg = Release|Any CPU
		{D9DBC773-E465-4337-96E6-7507AEE72E68}.FxCop|Any CPU.Build.0 = Release|Any CPU
		{D9DBC773-E465-4337-96E6-7507AEE72E68}.FxCop|Mixed Platforms.ActiveCfg = Release|Any CPU
		{D9DBC773-E465-4337-96E6-7507AEE72E68}.FxCop|Mixed Platforms.Build.0 = Release|Any CPU
		{D9DBC773-E465-4337-96E6-7507AEE72E68}.FxCop|x86.ActiveCfg = Release|Any CPU
		{D9DBC773-E465-4337-96E6-7507AEE72E68}.Release|Any CPU.ActiveCfg = Release|Any CPU
		{D9DBC773-E465-4337-96E6-7507AEE72E68}.Release|Any CPU.Build.0 = Release|Any CPU
		{D9DBC773-E465-4337-96E6-7507AEE72E68}.Release|Mixed Platforms.ActiveCfg = Release|Any CPU
		{D9DBC773-E465-4337-96E6-7507AEE72E68}.Release|Mixed Platforms.Build.0 = Release|Any CPU
		{D9DBC773-E465-4337-96E6-7507AEE72E68}.Release|x86.ActiveCfg = Release|Any CPU
		{8DE73439-2B28-45AC-A4F6-C11221A28EDB}.CodeCoverage|Any CPU.ActiveCfg = Release|Any CPU
		{8DE73439-2B28-45AC-A4F6-C11221A28EDB}.CodeCoverage|Any CPU.Build.0 = Release|Any CPU
		{8DE73439-2B28-45AC-A4F6-C11221A28EDB}.CodeCoverage|Mixed Platforms.ActiveCfg = Release|Any CPU
		{8DE73439-2B28-45AC-A4F6-C11221A28EDB}.CodeCoverage|Mixed Platforms.Build.0 = Release|Any CPU
		{8DE73439-2B28-45AC-A4F6-C11221A28EDB}.CodeCoverage|x86.ActiveCfg = Release|Any CPU
		{8DE73439-2B28-45AC-A4F6-C11221A28EDB}.Debug|Any CPU.ActiveCfg = Debug|Any CPU
		{8DE73439-2B28-45AC-A4F6-C11221A28EDB}.Debug|Any CPU.Build.0 = Debug|Any CPU
		{8DE73439-2B28-45AC-A4F6-C11221A28EDB}.Debug|Mixed Platforms.ActiveCfg = Debug|Any CPU
		{8DE73439-2B28-45AC-A4F6-C11221A28EDB}.Debug|Mixed Platforms.Build.0 = Debug|Any CPU
		{8DE73439-2B28-45AC-A4F6-C11221A28EDB}.Debug|x86.ActiveCfg = Debug|Any CPU
		{8DE73439-2B28-45AC-A4F6-C11221A28EDB}.FxCop|Any CPU.ActiveCfg = Release|Any CPU
		{8DE73439-2B28-45AC-A4F6-C11221A28EDB}.FxCop|Any CPU.Build.0 = Release|Any CPU
		{8DE73439-2B28-45AC-A4F6-C11221A28EDB}.FxCop|Mixed Platforms.ActiveCfg = Release|Any CPU
		{8DE73439-2B28-45AC-A4F6-C11221A28EDB}.FxCop|Mixed Platforms.Build.0 = Release|Any CPU
		{8DE73439-2B28-45AC-A4F6-C11221A28EDB}.FxCop|x86.ActiveCfg = Release|Any CPU
		{8DE73439-2B28-45AC-A4F6-C11221A28EDB}.Release|Any CPU.ActiveCfg = Release|Any CPU
		{8DE73439-2B28-45AC-A4F6-C11221A28EDB}.Release|Any CPU.Build.0 = Release|Any CPU
		{8DE73439-2B28-45AC-A4F6-C11221A28EDB}.Release|Mixed Platforms.ActiveCfg = Release|Any CPU
		{8DE73439-2B28-45AC-A4F6-C11221A28EDB}.Release|Mixed Platforms.Build.0 = Release|Any CPU
		{8DE73439-2B28-45AC-A4F6-C11221A28EDB}.Release|x86.ActiveCfg = Release|Any CPU
		{813172AE-D440-470E-87FE-14DAC2252D4C}.CodeCoverage|Any CPU.ActiveCfg = Release|Any CPU
		{813172AE-D440-470E-87FE-14DAC2252D4C}.CodeCoverage|Any CPU.Build.0 = Release|Any CPU
		{813172AE-D440-470E-87FE-14DAC2252D4C}.CodeCoverage|Mixed Platforms.ActiveCfg = Release|Any CPU
		{813172AE-D440-470E-87FE-14DAC2252D4C}.CodeCoverage|Mixed Platforms.Build.0 = Release|Any CPU
		{813172AE-D440-470E-87FE-14DAC2252D4C}.CodeCoverage|x86.ActiveCfg = Release|Any CPU
		{813172AE-D440-470E-87FE-14DAC2252D4C}.Debug|Any CPU.ActiveCfg = Debug|Any CPU
		{813172AE-D440-470E-87FE-14DAC2252D4C}.Debug|Any CPU.Build.0 = Debug|Any CPU
		{813172AE-D440-470E-87FE-14DAC2252D4C}.Debug|Mixed Platforms.ActiveCfg = Debug|Any CPU
		{813172AE-D440-470E-87FE-14DAC2252D4C}.Debug|Mixed Platforms.Build.0 = Debug|Any CPU
		{813172AE-D440-470E-87FE-14DAC2252D4C}.Debug|x86.ActiveCfg = Debug|Any CPU
		{813172AE-D440-470E-87FE-14DAC2252D4C}.FxCop|Any CPU.ActiveCfg = Release|Any CPU
		{813172AE-D440-470E-87FE-14DAC2252D4C}.FxCop|Any CPU.Build.0 = Release|Any CPU
		{813172AE-D440-470E-87FE-14DAC2252D4C}.FxCop|Mixed Platforms.ActiveCfg = Release|Any CPU
		{813172AE-D440-470E-87FE-14DAC2252D4C}.FxCop|Mixed Platforms.Build.0 = Release|Any CPU
		{813172AE-D440-470E-87FE-14DAC2252D4C}.FxCop|x86.ActiveCfg = Release|Any CPU
		{813172AE-D440-470E-87FE-14DAC2252D4C}.Release|Any CPU.ActiveCfg = Release|Any CPU
		{813172AE-D440-470E-87FE-14DAC2252D4C}.Release|Any CPU.Build.0 = Release|Any CPU
		{813172AE-D440-470E-87FE-14DAC2252D4C}.Release|Mixed Platforms.ActiveCfg = Release|Any CPU
		{813172AE-D440-470E-87FE-14DAC2252D4C}.Release|Mixed Platforms.Build.0 = Release|Any CPU
		{813172AE-D440-470E-87FE-14DAC2252D4C}.Release|x86.ActiveCfg = Release|Any CPU
		{D18C0D0B-54B1-4EB4-A9E4-44B05813B96E}.CodeCoverage|Any CPU.ActiveCfg = Release|Any CPU
		{D18C0D0B-54B1-4EB4-A9E4-44B05813B96E}.CodeCoverage|Any CPU.Build.0 = Release|Any CPU
		{D18C0D0B-54B1-4EB4-A9E4-44B05813B96E}.CodeCoverage|Mixed Platforms.ActiveCfg = Release|Any CPU
		{D18C0D0B-54B1-4EB4-A9E4-44B05813B96E}.CodeCoverage|Mixed Platforms.Build.0 = Release|Any CPU
		{D18C0D0B-54B1-4EB4-A9E4-44B05813B96E}.CodeCoverage|x86.ActiveCfg = Release|Any CPU
		{D18C0D0B-54B1-4EB4-A9E4-44B05813B96E}.Debug|Any CPU.ActiveCfg = Debug|Any CPU
		{D18C0D0B-54B1-4EB4-A9E4-44B05813B96E}.Debug|Any CPU.Build.0 = Debug|Any CPU
		{D18C0D0B-54B1-4EB4-A9E4-44B05813B96E}.Debug|Mixed Platforms.ActiveCfg = Debug|Any CPU
		{D18C0D0B-54B1-4EB4-A9E4-44B05813B96E}.Debug|Mixed Platforms.Build.0 = Debug|Any CPU
		{D18C0D0B-54B1-4EB4-A9E4-44B05813B96E}.Debug|x86.ActiveCfg = Debug|Any CPU
		{D18C0D0B-54B1-4EB4-A9E4-44B05813B96E}.FxCop|Any CPU.ActiveCfg = Release|Any CPU
		{D18C0D0B-54B1-4EB4-A9E4-44B05813B96E}.FxCop|Any CPU.Build.0 = Release|Any CPU
		{D18C0D0B-54B1-4EB4-A9E4-44B05813B96E}.FxCop|Mixed Platforms.ActiveCfg = Release|Any CPU
		{D18C0D0B-54B1-4EB4-A9E4-44B05813B96E}.FxCop|Mixed Platforms.Build.0 = Release|Any CPU
		{D18C0D0B-54B1-4EB4-A9E4-44B05813B96E}.FxCop|x86.ActiveCfg = Release|Any CPU
		{D18C0D0B-54B1-4EB4-A9E4-44B05813B96E}.Release|Any CPU.ActiveCfg = Release|Any CPU
		{D18C0D0B-54B1-4EB4-A9E4-44B05813B96E}.Release|Any CPU.Build.0 = Release|Any CPU
		{D18C0D0B-54B1-4EB4-A9E4-44B05813B96E}.Release|Mixed Platforms.ActiveCfg = Release|Any CPU
		{D18C0D0B-54B1-4EB4-A9E4-44B05813B96E}.Release|Mixed Platforms.Build.0 = Release|Any CPU
		{D18C0D0B-54B1-4EB4-A9E4-44B05813B96E}.Release|x86.ActiveCfg = Release|Any CPU
		{287F82EB-6A96-495F-9ECD-4FB19E2D7C81}.CodeCoverage|Any CPU.ActiveCfg = Release|Any CPU
		{287F82EB-6A96-495F-9ECD-4FB19E2D7C81}.CodeCoverage|Any CPU.Build.0 = Release|Any CPU
		{287F82EB-6A96-495F-9ECD-4FB19E2D7C81}.CodeCoverage|Mixed Platforms.ActiveCfg = Release|Any CPU
		{287F82EB-6A96-495F-9ECD-4FB19E2D7C81}.CodeCoverage|Mixed Platforms.Build.0 = Release|Any CPU
		{287F82EB-6A96-495F-9ECD-4FB19E2D7C81}.CodeCoverage|x86.ActiveCfg = Release|Any CPU
		{287F82EB-6A96-495F-9ECD-4FB19E2D7C81}.Debug|Any CPU.ActiveCfg = Debug|Any CPU
		{287F82EB-6A96-495F-9ECD-4FB19E2D7C81}.Debug|Any CPU.Build.0 = Debug|Any CPU
		{287F82EB-6A96-495F-9ECD-4FB19E2D7C81}.Debug|Mixed Platforms.ActiveCfg = Debug|Any CPU
		{287F82EB-6A96-495F-9ECD-4FB19E2D7C81}.Debug|Mixed Platforms.Build.0 = Debug|Any CPU
		{287F82EB-6A96-495F-9ECD-4FB19E2D7C81}.Debug|x86.ActiveCfg = Debug|Any CPU
		{287F82EB-6A96-495F-9ECD-4FB19E2D7C81}.FxCop|Any CPU.ActiveCfg = Release|Any CPU
		{287F82EB-6A96-495F-9ECD-4FB19E2D7C81}.FxCop|Any CPU.Build.0 = Release|Any CPU
		{287F82EB-6A96-495F-9ECD-4FB19E2D7C81}.FxCop|Mixed Platforms.ActiveCfg = Release|Any CPU
		{287F82EB-6A96-495F-9ECD-4FB19E2D7C81}.FxCop|Mixed Platforms.Build.0 = Release|Any CPU
		{287F82EB-6A96-495F-9ECD-4FB19E2D7C81}.FxCop|x86.ActiveCfg = Release|Any CPU
		{287F82EB-6A96-495F-9ECD-4FB19E2D7C81}.Release|Any CPU.ActiveCfg = Release|Any CPU
		{287F82EB-6A96-495F-9ECD-4FB19E2D7C81}.Release|Any CPU.Build.0 = Release|Any CPU
		{287F82EB-6A96-495F-9ECD-4FB19E2D7C81}.Release|Mixed Platforms.ActiveCfg = Release|Any CPU
		{287F82EB-6A96-495F-9ECD-4FB19E2D7C81}.Release|Mixed Platforms.Build.0 = Release|Any CPU
		{287F82EB-6A96-495F-9ECD-4FB19E2D7C81}.Release|x86.ActiveCfg = Release|Any CPU
		{E4940317-5E8D-4AC1-AAF5-94BF21A47754}.CodeCoverage|Any CPU.ActiveCfg = Release|x86
		{E4940317-5E8D-4AC1-AAF5-94BF21A47754}.CodeCoverage|Mixed Platforms.ActiveCfg = Release|x86
		{E4940317-5E8D-4AC1-AAF5-94BF21A47754}.CodeCoverage|Mixed Platforms.Build.0 = Release|x86
		{E4940317-5E8D-4AC1-AAF5-94BF21A47754}.CodeCoverage|x86.ActiveCfg = Release|x86
		{E4940317-5E8D-4AC1-AAF5-94BF21A47754}.CodeCoverage|x86.Build.0 = Release|x86
		{E4940317-5E8D-4AC1-AAF5-94BF21A47754}.Debug|Any CPU.ActiveCfg = Debug|x86
		{E4940317-5E8D-4AC1-AAF5-94BF21A47754}.Debug|Mixed Platforms.ActiveCfg = Debug|x86
		{E4940317-5E8D-4AC1-AAF5-94BF21A47754}.Debug|Mixed Platforms.Build.0 = Debug|x86
		{E4940317-5E8D-4AC1-AAF5-94BF21A47754}.Debug|x86.ActiveCfg = Debug|x86
		{E4940317-5E8D-4AC1-AAF5-94BF21A47754}.Debug|x86.Build.0 = Debug|x86
		{E4940317-5E8D-4AC1-AAF5-94BF21A47754}.FxCop|Any CPU.ActiveCfg = Release|x86
		{E4940317-5E8D-4AC1-AAF5-94BF21A47754}.FxCop|Mixed Platforms.ActiveCfg = Release|x86
		{E4940317-5E8D-4AC1-AAF5-94BF21A47754}.FxCop|Mixed Platforms.Build.0 = Release|x86
		{E4940317-5E8D-4AC1-AAF5-94BF21A47754}.FxCop|x86.ActiveCfg = Release|x86
		{E4940317-5E8D-4AC1-AAF5-94BF21A47754}.FxCop|x86.Build.0 = Release|x86
		{E4940317-5E8D-4AC1-AAF5-94BF21A47754}.Release|Any CPU.ActiveCfg = Release|x86
		{E4940317-5E8D-4AC1-AAF5-94BF21A47754}.Release|Mixed Platforms.ActiveCfg = Release|x86
		{E4940317-5E8D-4AC1-AAF5-94BF21A47754}.Release|Mixed Platforms.Build.0 = Release|x86
		{E4940317-5E8D-4AC1-AAF5-94BF21A47754}.Release|x86.ActiveCfg = Release|x86
		{E4940317-5E8D-4AC1-AAF5-94BF21A47754}.Release|x86.Build.0 = Release|x86
	EndGlobalSection
	GlobalSection(SolutionProperties) = preSolution
		HideSolutionNode = FALSE
	EndGlobalSection
	GlobalSection(ExtensibilityGlobals) = postSolution
		EnterpriseLibraryConfigurationToolBinariesPath = packages\Unity.2.1.505.0\lib\NET35
	EndGlobalSection
EndGlobal
