
Microsoft Visual Studio Solution File, Format Version 12.00
# Visual Studio 2012
Project("{FAE04EC0-301F-11D3-BF4B-00C04F79EFBC}") = "ReadingTool.Site", "ReadingTool.Site\ReadingTool.Site.csproj", "{6620C81C-6C77-4CDB-8044-989BA7CBB173}"
EndProject
Project("{FAE04EC0-301F-11D3-BF4B-00C04F79EFBC}") = "ReadingTool.Entities", "ReadingTool.Entities\ReadingTool.Entities.csproj", "{46B766C6-BE0F-4C13-9602-1833B2FF1959}"
EndProject
Project("{FAE04EC0-301F-11D3-BF4B-00C04F79EFBC}") = "ReadingTool.Common", "ReadingTool.Common\ReadingTool.Common.csproj", "{B5638DB2-4609-4A16-94BC-1C5D135AB84B}"
EndProject
Project("{FAE04EC0-301F-11D3-BF4B-00C04F79EFBC}") = "ReadingTool.Services", "ReadingTool.Services\ReadingTool.Services.csproj", "{1BBAC52E-015C-444D-BA8E-B29EA2075628}"
EndProject
Project("{FAE04EC0-301F-11D3-BF4B-00C04F79EFBC}") = "ReadingTool.Repository", "ReadingTool.Repository\ReadingTool.Repository.csproj", "{5E141890-8892-43C8-8738-93C43BEB565C}"
EndProject
Project("{FAE04EC0-301F-11D3-BF4B-00C04F79EFBC}") = "ReadingTool.Api", "ReadingTool.Api\ReadingTool.Api.csproj", "{B1764E62-E015-4152-B74B-9F8134F8680F}"
EndProject
Global
	GlobalSection(SolutionConfigurationPlatforms) = preSolution
		Debug|Any CPU = Debug|Any CPU
		Release|Any CPU = Release|Any CPU
	EndGlobalSection
	GlobalSection(ProjectConfigurationPlatforms) = postSolution
		{6620C81C-6C77-4CDB-8044-989BA7CBB173}.Debug|Any CPU.ActiveCfg = Debug|Any CPU
		{6620C81C-6C77-4CDB-8044-989BA7CBB173}.Debug|Any CPU.Build.0 = Debug|Any CPU
		{6620C81C-6C77-4CDB-8044-989BA7CBB173}.Release|Any CPU.ActiveCfg = Release|Any CPU
		{6620C81C-6C77-4CDB-8044-989BA7CBB173}.Release|Any CPU.Build.0 = Release|Any CPU
		{46B766C6-BE0F-4C13-9602-1833B2FF1959}.Debug|Any CPU.ActiveCfg = Debug|Any CPU
		{46B766C6-BE0F-4C13-9602-1833B2FF1959}.Debug|Any CPU.Build.0 = Debug|Any CPU
		{46B766C6-BE0F-4C13-9602-1833B2FF1959}.Release|Any CPU.ActiveCfg = Release|Any CPU
		{46B766C6-BE0F-4C13-9602-1833B2FF1959}.Release|Any CPU.Build.0 = Release|Any CPU
		{B5638DB2-4609-4A16-94BC-1C5D135AB84B}.Debug|Any CPU.ActiveCfg = Debug|Any CPU
		{B5638DB2-4609-4A16-94BC-1C5D135AB84B}.Debug|Any CPU.Build.0 = Debug|Any CPU
		{B5638DB2-4609-4A16-94BC-1C5D135AB84B}.Release|Any CPU.ActiveCfg = Release|Any CPU
		{B5638DB2-4609-4A16-94BC-1C5D135AB84B}.Release|Any CPU.Build.0 = Release|Any CPU
		{1BBAC52E-015C-444D-BA8E-B29EA2075628}.Debug|Any CPU.ActiveCfg = Debug|Any CPU
		{1BBAC52E-015C-444D-BA8E-B29EA2075628}.Debug|Any CPU.Build.0 = Debug|Any CPU
		{1BBAC52E-015C-444D-BA8E-B29EA2075628}.Release|Any CPU.ActiveCfg = Release|Any CPU
		{1BBAC52E-015C-444D-BA8E-B29EA2075628}.Release|Any CPU.Build.0 = Release|Any CPU
		{5E141890-8892-43C8-8738-93C43BEB565C}.Debug|Any CPU.ActiveCfg = Debug|Any CPU
		{5E141890-8892-43C8-8738-93C43BEB565C}.Debug|Any CPU.Build.0 = Debug|Any CPU
		{5E141890-8892-43C8-8738-93C43BEB565C}.Release|Any CPU.ActiveCfg = Release|Any CPU
		{5E141890-8892-43C8-8738-93C43BEB565C}.Release|Any CPU.Build.0 = Release|Any CPU
		{B1764E62-E015-4152-B74B-9F8134F8680F}.Debug|Any CPU.ActiveCfg = Debug|Any CPU
		{B1764E62-E015-4152-B74B-9F8134F8680F}.Debug|Any CPU.Build.0 = Debug|Any CPU
		{B1764E62-E015-4152-B74B-9F8134F8680F}.Release|Any CPU.ActiveCfg = Release|Any CPU
		{B1764E62-E015-4152-B74B-9F8134F8680F}.Release|Any CPU.Build.0 = Release|Any CPU
	EndGlobalSection
	GlobalSection(SolutionProperties) = preSolution
		HideSolutionNode = FALSE
	EndGlobalSection
EndGlobal
